
Microsoft Visual Studio Solution File, Format Version 12.00
# Visual Studio Version 16
VisualStudioVersion = 16.0.32413.511
MinimumVisualStudioVersion = 10.0.40219.1
Project("{8BC9CEB8-8B4A-11D0-8D11-00A0C91BC942}") = "LabProject08-2(Detail Texture)", "LabProject08-2.vcxproj", "{1EF7E20E-BA29-4C78-993C-D1CC25531D4F}"
EndProject
Global
	GlobalSection(SolutionConfigurationPlatforms) = preSolution
		Debug|x64 = Debug|x64
		Debug|x86 = Debug|x86
		Release|x64 = Release|x64
		Release|x86 = Release|x86
	EndGlobalSection
	GlobalSection(ProjectConfigurationPlatforms) = postSolution
		{1EF7E20E-BA29-4C78-993C-D1CC25531D4F}.Debug|x64.ActiveCfg = Debug|x64
		{1EF7E20E-BA29-4C78-993C-D1CC25531D4F}.Debug|x64.Build.0 = Debug|x64
		{1EF7E20E-BA29-4C78-993C-D1CC25531D4F}.Debug|x86.ActiveCfg = Debug|Win32
		{1EF7E20E-BA29-4C78-993C-D1CC25531D4F}.Debug|x86.Build.0 = Debug|Win32
		{1EF7E20E-BA29-4C78-993C-D1CC25531D4F}.Release|x64.ActiveCfg = Release|x64
		{1EF7E20E-BA29-4C78-993C-D1CC25531D4F}.Release|x64.Build.0 = Release|x64
		{1EF7E20E-BA29-4C78-993C-D1CC25531D4F}.Release|x86.ActiveCfg = Release|Win32
		{1EF7E20E-BA29-4C78-993C-D1CC25531D4F}.Release|x86.Build.0 = Release|Win32
	EndGlobalSection
	GlobalSection(SolutionProperties) = preSolution
		HideSolutionNode = FALSE
	EndGlobalSection
	GlobalSection(ExtensibilityGlobals) = postSolution
		SolutionGuid = {EBCD18F0-D33C-4908-BF22-0317E40CEAA5}
	EndGlobalSection
EndGlobal
