
Microsoft Visual Studio Solution File, Format Version 12.00
# Visual Studio Version 16
VisualStudioVersion = 16.0.32413.511
MinimumVisualStudioVersion = 10.0.40219.1
Project("{8BC9CEB8-8B4A-11D0-8D11-00A0C91BC942}") = "LabProject08-2-0(Alpha Texture)", "LabProject08-2-0.vcxproj", "{ED578147-B939-4BBC-A58B-7C9BBAFF7AE3}"
EndProject
Global
	GlobalSection(SolutionConfigurationPlatforms) = preSolution
		Debug|x64 = Debug|x64
		Debug|x86 = Debug|x86
		Release|x64 = Release|x64
		Release|x86 = Release|x86
	EndGlobalSection
	GlobalSection(ProjectConfigurationPlatforms) = postSolution
		{ED578147-B939-4BBC-A58B-7C9BBAFF7AE3}.Debug|x64.ActiveCfg = Debug|x64
		{ED578147-B939-4BBC-A58B-7C9BBAFF7AE3}.Debug|x64.Build.0 = Debug|x64
		{ED578147-B939-4BBC-A58B-7C9BBAFF7AE3}.Debug|x86.ActiveCfg = Debug|Win32
		{ED578147-B939-4BBC-A58B-7C9BBAFF7AE3}.Debug|x86.Build.0 = Debug|Win32
		{ED578147-B939-4BBC-A58B-7C9BBAFF7AE3}.Release|x64.ActiveCfg = Release|x64
		{ED578147-B939-4BBC-A58B-7C9BBAFF7AE3}.Release|x64.Build.0 = Release|x64
		{ED578147-B939-4BBC-A58B-7C9BBAFF7AE3}.Release|x86.ActiveCfg = Release|Win32
		{ED578147-B939-4BBC-A58B-7C9BBAFF7AE3}.Release|x86.Build.0 = Release|Win32
	EndGlobalSection
	GlobalSection(SolutionProperties) = preSolution
		HideSolutionNode = FALSE
	EndGlobalSection
	GlobalSection(ExtensibilityGlobals) = postSolution
		SolutionGuid = {9191B056-4A49-440D-B40F-77F710D332A7}
	EndGlobalSection
EndGlobal
